
Microsoft Visual Studio Solution File, Format Version 12.00
# Visual Studio Version 17
VisualStudioVersion = 17.3.32929.385
MinimumVisualStudioVersion = 10.0.40219.1
Project("{FAE04EC0-301F-11D3-BF4B-00C04F79EFBC}") = "linq_practice", "linq_practice\linq_practice.csproj", "{189CA463-C7F2-4F4A-AF9D-9360CFAF070C}"
EndProject
Global
	GlobalSection(SolutionConfigurationPlatforms) = preSolution
		Debug|Any CPU = Debug|Any CPU
		Release|Any CPU = Release|Any CPU
	EndGlobalSection
	GlobalSection(ProjectConfigurationPlatforms) = postSolution
		{189CA463-C7F2-4F4A-AF9D-9360CFAF070C}.Debug|Any CPU.ActiveCfg = Debug|Any CPU
		{189CA463-C7F2-4F4A-AF9D-9360CFAF070C}.Debug|Any CPU.Build.0 = Debug|Any CPU
		{189CA463-C7F2-4F4A-AF9D-9360CFAF070C}.Release|Any CPU.ActiveCfg = Release|Any CPU
		{189CA463-C7F2-4F4A-AF9D-9360CFAF070C}.Release|Any CPU.Build.0 = Release|Any CPU
	EndGlobalSection
	GlobalSection(SolutionProperties) = preSolution
		HideSolutionNode = FALSE
	EndGlobalSection
	GlobalSection(ExtensibilityGlobals) = postSolution
		SolutionGuid = {4F127EA4-D1A0-4B8C-97D7-530CD8E08357}
	EndGlobalSection
EndGlobal
